
Microsoft Visual Studio Solution File, Format Version 12.00
# Visual Studio Version 16
VisualStudioVersion = 16.0.30225.117
MinimumVisualStudioVersion = 10.0.40219.1
Project("{FAE04EC0-301F-11D3-BF4B-00C04F79EFBC}") = "AspectExplorer", "AspectExplorer\AspectExplorer.csproj", "{9179FD13-FD3D-4D9D-A381-9493D802574E}"
EndProject
Project("{FAE04EC0-301F-11D3-BF4B-00C04F79EFBC}") = "Test", "Test\Test.csproj", "{09A71A9A-F709-4393-B074-963840334C75}"
EndProject
Global
	GlobalSection(SolutionConfigurationPlatforms) = preSolution
		Debug|Any CPU = Debug|Any CPU
		Release|Any CPU = Release|Any CPU
	EndGlobalSection
	GlobalSection(ProjectConfigurationPlatforms) = postSolution
		{9179FD13-FD3D-4D9D-A381-9493D802574E}.Debug|Any CPU.ActiveCfg = Debug|Any CPU
		{9179FD13-FD3D-4D9D-A381-9493D802574E}.Debug|Any CPU.Build.0 = Debug|Any CPU
		{9179FD13-FD3D-4D9D-A381-9493D802574E}.Release|Any CPU.ActiveCfg = Release|Any CPU
		{9179FD13-FD3D-4D9D-A381-9493D802574E}.Release|Any CPU.Build.0 = Release|Any CPU
		{09A71A9A-F709-4393-B074-963840334C75}.Debug|Any CPU.ActiveCfg = Debug|Any CPU
		{09A71A9A-F709-4393-B074-963840334C75}.Debug|Any CPU.Build.0 = Debug|Any CPU
		{09A71A9A-F709-4393-B074-963840334C75}.Release|Any CPU.ActiveCfg = Release|Any CPU
		{09A71A9A-F709-4393-B074-963840334C75}.Release|Any CPU.Build.0 = Release|Any CPU
	EndGlobalSection
	GlobalSection(SolutionProperties) = preSolution
		HideSolutionNode = FALSE
	EndGlobalSection
	GlobalSection(ExtensibilityGlobals) = postSolution
		SolutionGuid = {864B8296-7C1D-424F-B512-0D8882CA12E9}
	EndGlobalSection
EndGlobal
